
Microsoft Visual Studio Solution File, Format Version 12.00
# Visual Studio 15
VisualStudioVersion = 15.0.33423.255
MinimumVisualStudioVersion = 10.0.40219.1
Project("{FAE04EC0-301F-11D3-BF4B-00C04F79EFBC}") = "WindowsFormsApp4", "WindowsFormsApp4\WindowsFormsApp4.csproj", "{BA91B841-118B-45BA-8C17-062D14B77C2C}"
EndProject
Global
	GlobalSection(SolutionConfigurationPlatforms) = preSolution
		Debug|Any CPU = Debug|Any CPU
		Release|Any CPU = Release|Any CPU
	EndGlobalSection
	GlobalSection(ProjectConfigurationPlatforms) = postSolution
		{BA91B841-118B-45BA-8C17-062D14B77C2C}.Debug|Any CPU.ActiveCfg = Debug|Any CPU
		{BA91B841-118B-45BA-8C17-062D14B77C2C}.Debug|Any CPU.Build.0 = Debug|Any CPU
		{BA91B841-118B-45BA-8C17-062D14B77C2C}.Release|Any CPU.ActiveCfg = Release|Any CPU
		{BA91B841-118B-45BA-8C17-062D14B77C2C}.Release|Any CPU.Build.0 = Release|Any CPU
	EndGlobalSection
	GlobalSection(SolutionProperties) = preSolution
		HideSolutionNode = FALSE
	EndGlobalSection
	GlobalSection(ExtensibilityGlobals) = postSolution
		SolutionGuid = {45B77D1E-B4C7-4A38-9FFB-C5FB077ABA0F}
	EndGlobalSection
EndGlobal
